
Microsoft Visual Studio Solution File, Format Version 12.00
# Visual Studio Version 16
VisualStudioVersion = 16.0.30114.105
MinimumVisualStudioVersion = 10.0.40219.1
Project("{9A19103F-16F7-4668-BE54-9A1E7A4F7556}") = "Sample", "Sample\Sample.csproj", "{D95F53D9-8B15-4A31-916D-E69790637B47}"
EndProject
Project("{9A19103F-16F7-4668-BE54-9A1E7A4F7556}") = "Nexar.Client.Login", "Nexar.Client.Login\Nexar.Client.Login.csproj", "{BEBDC53B-529D-47E6-8D43-01A7E9DB0477}"
EndProject
Global
	GlobalSection(SolutionConfigurationPlatforms) = preSolution
		Debug|Any CPU = Debug|Any CPU
		Release|Any CPU = Release|Any CPU
	EndGlobalSection
	GlobalSection(ProjectConfigurationPlatforms) = postSolution
		{D95F53D9-8B15-4A31-916D-E69790637B47}.Debug|Any CPU.ActiveCfg = Debug|Any CPU
		{D95F53D9-8B15-4A31-916D-E69790637B47}.Debug|Any CPU.Build.0 = Debug|Any CPU
		{D95F53D9-8B15-4A31-916D-E69790637B47}.Release|Any CPU.ActiveCfg = Release|Any CPU
		{D95F53D9-8B15-4A31-916D-E69790637B47}.Release|Any CPU.Build.0 = Release|Any CPU
		{BEBDC53B-529D-47E6-8D43-01A7E9DB0477}.Debug|Any CPU.ActiveCfg = Debug|Any CPU
		{BEBDC53B-529D-47E6-8D43-01A7E9DB0477}.Debug|Any CPU.Build.0 = Debug|Any CPU
		{BEBDC53B-529D-47E6-8D43-01A7E9DB0477}.Release|Any CPU.ActiveCfg = Release|Any CPU
		{BEBDC53B-529D-47E6-8D43-01A7E9DB0477}.Release|Any CPU.Build.0 = Release|Any CPU
	EndGlobalSection
	GlobalSection(SolutionProperties) = preSolution
		HideSolutionNode = FALSE
	EndGlobalSection
	GlobalSection(ExtensibilityGlobals) = postSolution
		SolutionGuid = {5B4E6EB9-B73A-4B56-873C-1D9682E4B161}
	EndGlobalSection
EndGlobal
