
Microsoft Visual Studio Solution File, Format Version 12.00
# Visual Studio Version 16
VisualStudioVersion = 16.0.30114.105
MinimumVisualStudioVersion = 10.0.40219.1
Project("{9A19103F-16F7-4668-BE54-9A1E7A4F7556}") = "Nexar.Client.Login", "Nexar.Client.Login\Nexar.Client.Login.csproj", "{B17C28C9-B579-42F8-B1AF-502CD5CDEC28}"
EndProject
Global
	GlobalSection(SolutionConfigurationPlatforms) = preSolution
		Debug|Any CPU = Debug|Any CPU
		Debug|x64 = Debug|x64
		Debug|x86 = Debug|x86
		Release|Any CPU = Release|Any CPU
		Release|x64 = Release|x64
		Release|x86 = Release|x86
	EndGlobalSection
	GlobalSection(ProjectConfigurationPlatforms) = postSolution
		{B17C28C9-B579-42F8-B1AF-502CD5CDEC28}.Debug|Any CPU.ActiveCfg = Debug|Any CPU
		{B17C28C9-B579-42F8-B1AF-502CD5CDEC28}.Debug|Any CPU.Build.0 = Debug|Any CPU
		{B17C28C9-B579-42F8-B1AF-502CD5CDEC28}.Debug|x64.ActiveCfg = Debug|Any CPU
		{B17C28C9-B579-42F8-B1AF-502CD5CDEC28}.Debug|x64.Build.0 = Debug|Any CPU
		{B17C28C9-B579-42F8-B1AF-502CD5CDEC28}.Debug|x86.ActiveCfg = Debug|Any CPU
		{B17C28C9-B579-42F8-B1AF-502CD5CDEC28}.Debug|x86.Build.0 = Debug|Any CPU
		{B17C28C9-B579-42F8-B1AF-502CD5CDEC28}.Release|Any CPU.ActiveCfg = Release|Any CPU
		{B17C28C9-B579-42F8-B1AF-502CD5CDEC28}.Release|Any CPU.Build.0 = Release|Any CPU
		{B17C28C9-B579-42F8-B1AF-502CD5CDEC28}.Release|x64.ActiveCfg = Release|Any CPU
		{B17C28C9-B579-42F8-B1AF-502CD5CDEC28}.Release|x64.Build.0 = Release|Any CPU
		{B17C28C9-B579-42F8-B1AF-502CD5CDEC28}.Release|x86.ActiveCfg = Release|Any CPU
		{B17C28C9-B579-42F8-B1AF-502CD5CDEC28}.Release|x86.Build.0 = Release|Any CPU
	EndGlobalSection
	GlobalSection(SolutionProperties) = preSolution
		HideSolutionNode = FALSE
	EndGlobalSection
	GlobalSection(ExtensibilityGlobals) = postSolution
		SolutionGuid = {5B4E6EB9-B73A-4B56-873C-1D9682E4B161}
	EndGlobalSection
EndGlobal
